
Microsoft Visual Studio Solution File, Format Version 12.00
# Visual Studio Version 17
VisualStudioVersion = 17.11.35312.102
MinimumVisualStudioVersion = 10.0.40219.1
Project("{FAE04EC0-301F-11D3-BF4B-00C04F79EFBC}") = "KdvHesaplama", "KdvHesaplama\KdvHesaplama.csproj", "{47B48008-2E58-4A57-AB46-FF8A3545A7DD}"
EndProject
Global
	GlobalSection(SolutionConfigurationPlatforms) = preSolution
		Debug|Any CPU = Debug|Any CPU
		Release|Any CPU = Release|Any CPU
	EndGlobalSection
	GlobalSection(ProjectConfigurationPlatforms) = postSolution
		{47B48008-2E58-4A57-AB46-FF8A3545A7DD}.Debug|Any CPU.ActiveCfg = Debug|Any CPU
		{47B48008-2E58-4A57-AB46-FF8A3545A7DD}.Debug|Any CPU.Build.0 = Debug|Any CPU
		{47B48008-2E58-4A57-AB46-FF8A3545A7DD}.Release|Any CPU.ActiveCfg = Release|Any CPU
		{47B48008-2E58-4A57-AB46-FF8A3545A7DD}.Release|Any CPU.Build.0 = Release|Any CPU
	EndGlobalSection
	GlobalSection(SolutionProperties) = preSolution
		HideSolutionNode = FALSE
	EndGlobalSection
	GlobalSection(ExtensibilityGlobals) = postSolution
		SolutionGuid = {084E9600-C089-4209-9581-6E8457C8B9E0}
	EndGlobalSection
EndGlobal
